{
  "requires": true,
  "lockfileVersion": 1,
  "dependencies": {
    "daemon": {
      "version": "1.1.0",
      "resolved": "https://registry.npmjs.org/daemon/-/daemon-1.1.0.tgz",
      "integrity": "sha1-bFECyB2wvoVvyQCPwsk1s5iGSug="
    },
    "init": {
      "version": "0.1.2",
      "resolved": "https://registry.npmjs.org/init/-/init-0.1.2.tgz",
      "integrity": "sha1-mIKsFScHvMun/iIHyN+AUIdcFQQ=",
      "requires": {
        "daemon": ">=0.3.0"
      }
    },
    "sanity": {
      "version": "2.2.6",
      "resolved": "https://registry.npmjs.org/sanity/-/sanity-2.2.6.tgz",
      "integrity": "sha512-2VXVlMgkwxsaoBcwxBsaMs7tr9yiOX5nq7HgnugSQ77gkJnAuMUYxBxPAzsTEYdXouHnakepmLtn3/Yclt+wHw=="
    }
  }
}
